<?xml version="1.0" encoding="utf-8"?>
<Project ToolsVersion="4.0" xmlns="http://schemas.microsoft.com/developer/msbuild/2003">
  <ItemGroup>
    <Filter Include="Arquivos de Origem">
      <UniqueIdentifier>{4FC737F1-C7A5-4376-A066-2A32D752A2FF}</UniqueIdentifier>
      <Extensions>cpp;c;cc;cxx;c++;cppm;ixx;def;odl;idl;hpj;bat;asm;asmx</Extensions>
    </Filter>
    <Filter Include="Arquivos de Cabeçalho">
      <UniqueIdentifier>{93995380-89BD-4b04-88EB-625FBE52EBFB}</UniqueIdentifier>
      <Extensions>h;hh;hpp;hxx;h++;hm;inl;inc;ipp;xsd</Extensions>
    </Filter>
    <Filter Include="Arquivos de Recurso">
      <UniqueIdentifier>{67DA6AB6-F800-4c08-8B7A-83BB121AAD01}</UniqueIdentifier>
      <Extensions>rc;ico;cur;bmp;dlg;rc2;rct;bin;rgs;gif;jpg;jpeg;jpe;resx;tiff;tif;png;wav;mfcribbon-ms</Extensions>
    </Filter>
    <Filter Include="GLFW Window">
      <UniqueIdentifier>{80adbf37-d570-4f67-a4f3-2891de2e1cf4}</UniqueIdentifier>
    </Filter>
    <Filter Include="GLFW Window\Arquivos de Origem">
      <UniqueIdentifier>{0a85dbd9-5d51-46d0-aa90-d9edf6aeeab6}</UniqueIdentifier>
    </Filter>
    <Filter Include="GLFW Window\Arquivos de Cabeçalho">
      <UniqueIdentifier>{e973e286-b4c5-4185-8413-c77a1930d800}</UniqueIdentifier>
    </Filter>
  </ItemGroup>
  <ItemGroup>
    <ClCompile Include="Main.cpp" />
    <ClCompile Include="GameWindow.cpp">
      <Filter>GLFW Window\Arquivos de Origem</Filter>
    </ClCompile>
    <ClCompile Include="Input.cpp">
      <Filter>GLFW Window\Arquivos de Origem</Filter>
    </ClCompile>
    <ClCompile Include="Timer.cpp">
      <Filter>GLFW Window\Arquivos de Origem</Filter>
    </ClCompile>
  </ItemGroup>
  <ItemGroup>
    <ClInclude Include="GameWindow.h">
      <Filter>GLFW Window\Arquivos de Cabeçalho</Filter>
    </ClInclude>
    <ClInclude Include="Keys.h">
      <Filter>GLFW Window\Arquivos de Cabeçalho</Filter>
    </ClInclude>
    <ClInclude Include="Input.h">
      <Filter>GLFW Window\Arquivos de Cabeçalho</Filter>
    </ClInclude>
    <ClInclude Include="Timer.h">
      <Filter>GLFW Window\Arquivos de Cabeçalho</Filter>
    </ClInclude>
  </ItemGroup>
</Project>